
Microsoft Visual Studio Solution File, Format Version 12.00
# Visual Studio Version 16
VisualStudioVersion = 16.0.30413.136
MinimumVisualStudioVersion = 10.0.40219.1
Project("{FAE04EC0-301F-11D3-BF4B-00C04F79EFBC}") = "Mokkivaraus", "Mokkivaraus\Mokkivaraus.csproj", "{5FF76219-150A-4868-89DB-8AF2A98A297F}"
EndProject
Global
	GlobalSection(SolutionConfigurationPlatforms) = preSolution
		Debug|Any CPU = Debug|Any CPU
		Release|Any CPU = Release|Any CPU
	EndGlobalSection
	GlobalSection(ProjectConfigurationPlatforms) = postSolution
		{5FF76219-150A-4868-89DB-8AF2A98A297F}.Debug|Any CPU.ActiveCfg = Debug|Any CPU
		{5FF76219-150A-4868-89DB-8AF2A98A297F}.Debug|Any CPU.Build.0 = Debug|Any CPU
		{5FF76219-150A-4868-89DB-8AF2A98A297F}.Release|Any CPU.ActiveCfg = Release|Any CPU
		{5FF76219-150A-4868-89DB-8AF2A98A297F}.Release|Any CPU.Build.0 = Release|Any CPU
	EndGlobalSection
	GlobalSection(SolutionProperties) = preSolution
		HideSolutionNode = FALSE
	EndGlobalSection
	GlobalSection(ExtensibilityGlobals) = postSolution
		SolutionGuid = {6437C9E7-3E66-4F5D-BA1F-521C72A6BABE}
	EndGlobalSection
EndGlobal
